
Microsoft Visual Studio Solution File, Format Version 12.00
# Visual Studio Version 17
VisualStudioVersion = 17.10.34916.146
MinimumVisualStudioVersion = 10.0.40219.1
Project("{FAE04EC0-301F-11D3-BF4B-00C04F79EFBC}") = "PremiumHousing", "PremiumHousing\PremiumHousing.csproj", "{00CFA2A0-4053-4BAD-9D99-40A135848D60}"
EndProject
Global
	GlobalSection(SolutionConfigurationPlatforms) = preSolution
		Debug|Any CPU = Debug|Any CPU
		Release|Any CPU = Release|Any CPU
	EndGlobalSection
	GlobalSection(ProjectConfigurationPlatforms) = postSolution
		{00CFA2A0-4053-4BAD-9D99-40A135848D60}.Debug|Any CPU.ActiveCfg = Debug|Any CPU
		{00CFA2A0-4053-4BAD-9D99-40A135848D60}.Debug|Any CPU.Build.0 = Debug|Any CPU
		{00CFA2A0-4053-4BAD-9D99-40A135848D60}.Release|Any CPU.ActiveCfg = Release|Any CPU
		{00CFA2A0-4053-4BAD-9D99-40A135848D60}.Release|Any CPU.Build.0 = Release|Any CPU
	EndGlobalSection
	GlobalSection(SolutionProperties) = preSolution
		HideSolutionNode = FALSE
	EndGlobalSection
	GlobalSection(ExtensibilityGlobals) = postSolution
		SolutionGuid = {CD539F73-AA03-49EF-987A-B8339CB7663F}
	EndGlobalSection
EndGlobal
